
Microsoft Visual Studio Solution File, Format Version 12.00
# Visual Studio Version 17
VisualStudioVersion = 17.1.32421.90
MinimumVisualStudioVersion = 10.0.40219.1
Project("{FAE04EC0-301F-11D3-BF4B-00C04F79EFBC}") = "BookMessageSysTem", "BookMessageSysTem.csproj", "{FCB6ED86-F942-4EF8-BE7A-2BB41DCD8666}"
EndProject
Global
	GlobalSection(SolutionConfigurationPlatforms) = preSolution
		Debug|Any CPU = Debug|Any CPU
		Release|Any CPU = Release|Any CPU
	EndGlobalSection
	GlobalSection(ProjectConfigurationPlatforms) = postSolution
		{FCB6ED86-F942-4EF8-BE7A-2BB41DCD8666}.Debug|Any CPU.ActiveCfg = Debug|Any CPU
		{FCB6ED86-F942-4EF8-BE7A-2BB41DCD8666}.Debug|Any CPU.Build.0 = Debug|Any CPU
		{FCB6ED86-F942-4EF8-BE7A-2BB41DCD8666}.Release|Any CPU.ActiveCfg = Release|Any CPU
		{FCB6ED86-F942-4EF8-BE7A-2BB41DCD8666}.Release|Any CPU.Build.0 = Release|Any CPU
	EndGlobalSection
	GlobalSection(SolutionProperties) = preSolution
		HideSolutionNode = FALSE
	EndGlobalSection
	GlobalSection(ExtensibilityGlobals) = postSolution
		SolutionGuid = {FD8F563E-EAC9-452D-8BE9-D033B8979F1F}
	EndGlobalSection
EndGlobal
